
Microsoft Visual Studio Solution File, Format Version 11.00
# Visual C# Express 2010
Project("{FAE04EC0-301F-11D3-BF4B-00C04F79EFBC}") = "SharpSearch", "Search\SharpSearch.csproj", "{38DE52A5-939B-44CC-BA57-112B903C9470}"
EndProject
Global
	GlobalSection(SolutionConfigurationPlatforms) = preSolution
		Debug|Any CPU = Debug|Any CPU
		Release|Any CPU = Release|Any CPU
	EndGlobalSection
	GlobalSection(ProjectConfigurationPlatforms) = postSolution
		{38DE52A5-939B-44CC-BA57-112B903C9470}.Debug|Any CPU.ActiveCfg = Debug|Any CPU
		{38DE52A5-939B-44CC-BA57-112B903C9470}.Debug|Any CPU.Build.0 = Debug|Any CPU
		{38DE52A5-939B-44CC-BA57-112B903C9470}.Release|Any CPU.ActiveCfg = Release|Any CPU
		{38DE52A5-939B-44CC-BA57-112B903C9470}.Release|Any CPU.Build.0 = Release|Any CPU
	EndGlobalSection
	GlobalSection(SolutionProperties) = preSolution
		HideSolutionNode = FALSE
	EndGlobalSection
EndGlobal
